{
  "name": "VoteSite",
  "lockfileVersion": 2,
  "requires": true,
  "packages": {
    "": {
      "dependencies": {
        "event-source-polyfill": "^1.0.26"
      }
    },
    "node_modules/event-source-polyfill": {
      "version": "1.0.26",
      "resolved": "https://registry.npmjs.org/event-source-polyfill/-/event-source-polyfill-1.0.26.tgz",
      "integrity": "sha512-IwDLs9fUTcGAyacHBeS53T8wcEkDyDn0UP4tfQqJ4wQP8AyH0mszuQf2ULTylnpI0sMquzJ4usrNV7+uztwI9A=="
    }
  },
  "dependencies": {
    "event-source-polyfill": {
      "version": "1.0.26",
      "resolved": "https://registry.npmjs.org/event-source-polyfill/-/event-source-polyfill-1.0.26.tgz",
      "integrity": "sha512-IwDLs9fUTcGAyacHBeS53T8wcEkDyDn0UP4tfQqJ4wQP8AyH0mszuQf2ULTylnpI0sMquzJ4usrNV7+uztwI9A=="
    }
  }
}
